
Microsoft Visual Studio Solution File, Format Version 12.00
# Visual Studio 15
VisualStudioVersion = 15.0.26124.0
MinimumVisualStudioVersion = 15.0.26124.0
Project("{FAE04EC0-301F-11D3-BF4B-00C04F79EFBC}") = "HelloWorld", "HelloWorld\HelloWorld.csproj", "{FBD74DE9-764B-4C55-AF96-2E3FF42B8C1D}"
EndProject
Project("{FAE04EC0-301F-11D3-BF4B-00C04F79EFBC}") = "Tests", "Tests\Tests.csproj", "{DD464339-84A7-4274-8A7C-6B48190C46E8}"
EndProject
Project("{FAE04EC0-301F-11D3-BF4B-00C04F79EFBC}") = "WebAPI", "WebAPI\WebAPI.csproj", "{203242C0-102D-44DF-94FF-C26264224715}"
EndProject
Project("{FAE04EC0-301F-11D3-BF4B-00C04F79EFBC}") = "MVC", "MVC\MVC.csproj", "{4DCA51F8-309F-4345-A30B-5EC280D1D9D9}"
EndProject
Project("{FAE04EC0-301F-11D3-BF4B-00C04F79EFBC}") = "RazorPages", "RazorPages\RazorPages.csproj", "{A896790E-FE9A-48BE-AE02-D7BD57FB3943}"
EndProject
Project("{FAE04EC0-301F-11D3-BF4B-00C04F79EFBC}") = "Blazor", "Blazor\Blazor.csproj", "{F06AAD82-0F96-48C1-9C65-03348A623D4B}"
EndProject
Project("{FAE04EC0-301F-11D3-BF4B-00C04F79EFBC}") = "BareMinimum", "BareMinimum\BareMinimum.csproj", "{F909F8D4-ECB9-4F88-8DA8-AA8A28D19B33}"
EndProject
Global
	GlobalSection(SolutionConfigurationPlatforms) = preSolution
		Debug|Any CPU = Debug|Any CPU
		Debug|x64 = Debug|x64
		Debug|x86 = Debug|x86
		Release|Any CPU = Release|Any CPU
		Release|x64 = Release|x64
		Release|x86 = Release|x86
	EndGlobalSection
	GlobalSection(SolutionProperties) = preSolution
		HideSolutionNode = FALSE
	EndGlobalSection
	GlobalSection(ProjectConfigurationPlatforms) = postSolution
		{FBD74DE9-764B-4C55-AF96-2E3FF42B8C1D}.Debug|Any CPU.ActiveCfg = Debug|Any CPU
		{FBD74DE9-764B-4C55-AF96-2E3FF42B8C1D}.Debug|Any CPU.Build.0 = Debug|Any CPU
		{FBD74DE9-764B-4C55-AF96-2E3FF42B8C1D}.Debug|x64.ActiveCfg = Debug|Any CPU
		{FBD74DE9-764B-4C55-AF96-2E3FF42B8C1D}.Debug|x64.Build.0 = Debug|Any CPU
		{FBD74DE9-764B-4C55-AF96-2E3FF42B8C1D}.Debug|x86.ActiveCfg = Debug|Any CPU
		{FBD74DE9-764B-4C55-AF96-2E3FF42B8C1D}.Debug|x86.Build.0 = Debug|Any CPU
		{FBD74DE9-764B-4C55-AF96-2E3FF42B8C1D}.Release|Any CPU.ActiveCfg = Release|Any CPU
		{FBD74DE9-764B-4C55-AF96-2E3FF42B8C1D}.Release|Any CPU.Build.0 = Release|Any CPU
		{FBD74DE9-764B-4C55-AF96-2E3FF42B8C1D}.Release|x64.ActiveCfg = Release|Any CPU
		{FBD74DE9-764B-4C55-AF96-2E3FF42B8C1D}.Release|x64.Build.0 = Release|Any CPU
		{FBD74DE9-764B-4C55-AF96-2E3FF42B8C1D}.Release|x86.ActiveCfg = Release|Any CPU
		{FBD74DE9-764B-4C55-AF96-2E3FF42B8C1D}.Release|x86.Build.0 = Release|Any CPU
		{DD464339-84A7-4274-8A7C-6B48190C46E8}.Debug|Any CPU.ActiveCfg = Debug|Any CPU
		{DD464339-84A7-4274-8A7C-6B48190C46E8}.Debug|Any CPU.Build.0 = Debug|Any CPU
		{DD464339-84A7-4274-8A7C-6B48190C46E8}.Debug|x64.ActiveCfg = Debug|Any CPU
		{DD464339-84A7-4274-8A7C-6B48190C46E8}.Debug|x64.Build.0 = Debug|Any CPU
		{DD464339-84A7-4274-8A7C-6B48190C46E8}.Debug|x86.ActiveCfg = Debug|Any CPU
		{DD464339-84A7-4274-8A7C-6B48190C46E8}.Debug|x86.Build.0 = Debug|Any CPU
		{DD464339-84A7-4274-8A7C-6B48190C46E8}.Release|Any CPU.ActiveCfg = Release|Any CPU
		{DD464339-84A7-4274-8A7C-6B48190C46E8}.Release|Any CPU.Build.0 = Release|Any CPU
		{DD464339-84A7-4274-8A7C-6B48190C46E8}.Release|x64.ActiveCfg = Release|Any CPU
		{DD464339-84A7-4274-8A7C-6B48190C46E8}.Release|x64.Build.0 = Release|Any CPU
		{DD464339-84A7-4274-8A7C-6B48190C46E8}.Release|x86.ActiveCfg = Release|Any CPU
		{DD464339-84A7-4274-8A7C-6B48190C46E8}.Release|x86.Build.0 = Release|Any CPU
		{203242C0-102D-44DF-94FF-C26264224715}.Debug|Any CPU.ActiveCfg = Debug|Any CPU
		{203242C0-102D-44DF-94FF-C26264224715}.Debug|Any CPU.Build.0 = Debug|Any CPU
		{203242C0-102D-44DF-94FF-C26264224715}.Debug|x64.ActiveCfg = Debug|Any CPU
		{203242C0-102D-44DF-94FF-C26264224715}.Debug|x64.Build.0 = Debug|Any CPU
		{203242C0-102D-44DF-94FF-C26264224715}.Debug|x86.ActiveCfg = Debug|Any CPU
		{203242C0-102D-44DF-94FF-C26264224715}.Debug|x86.Build.0 = Debug|Any CPU
		{203242C0-102D-44DF-94FF-C26264224715}.Release|Any CPU.ActiveCfg = Release|Any CPU
		{203242C0-102D-44DF-94FF-C26264224715}.Release|Any CPU.Build.0 = Release|Any CPU
		{203242C0-102D-44DF-94FF-C26264224715}.Release|x64.ActiveCfg = Release|Any CPU
		{203242C0-102D-44DF-94FF-C26264224715}.Release|x64.Build.0 = Release|Any CPU
		{203242C0-102D-44DF-94FF-C26264224715}.Release|x86.ActiveCfg = Release|Any CPU
		{203242C0-102D-44DF-94FF-C26264224715}.Release|x86.Build.0 = Release|Any CPU
		{4DCA51F8-309F-4345-A30B-5EC280D1D9D9}.Debug|Any CPU.ActiveCfg = Debug|Any CPU
		{4DCA51F8-309F-4345-A30B-5EC280D1D9D9}.Debug|Any CPU.Build.0 = Debug|Any CPU
		{4DCA51F8-309F-4345-A30B-5EC280D1D9D9}.Debug|x64.ActiveCfg = Debug|Any CPU
		{4DCA51F8-309F-4345-A30B-5EC280D1D9D9}.Debug|x64.Build.0 = Debug|Any CPU
		{4DCA51F8-309F-4345-A30B-5EC280D1D9D9}.Debug|x86.ActiveCfg = Debug|Any CPU
		{4DCA51F8-309F-4345-A30B-5EC280D1D9D9}.Debug|x86.Build.0 = Debug|Any CPU
		{4DCA51F8-309F-4345-A30B-5EC280D1D9D9}.Release|Any CPU.ActiveCfg = Release|Any CPU
		{4DCA51F8-309F-4345-A30B-5EC280D1D9D9}.Release|Any CPU.Build.0 = Release|Any CPU
		{4DCA51F8-309F-4345-A30B-5EC280D1D9D9}.Release|x64.ActiveCfg = Release|Any CPU
		{4DCA51F8-309F-4345-A30B-5EC280D1D9D9}.Release|x64.Build.0 = Release|Any CPU
		{4DCA51F8-309F-4345-A30B-5EC280D1D9D9}.Release|x86.ActiveCfg = Release|Any CPU
		{4DCA51F8-309F-4345-A30B-5EC280D1D9D9}.Release|x86.Build.0 = Release|Any CPU
		{A896790E-FE9A-48BE-AE02-D7BD57FB3943}.Debug|Any CPU.ActiveCfg = Debug|Any CPU
		{A896790E-FE9A-48BE-AE02-D7BD57FB3943}.Debug|Any CPU.Build.0 = Debug|Any CPU
		{A896790E-FE9A-48BE-AE02-D7BD57FB3943}.Debug|x64.ActiveCfg = Debug|Any CPU
		{A896790E-FE9A-48BE-AE02-D7BD57FB3943}.Debug|x64.Build.0 = Debug|Any CPU
		{A896790E-FE9A-48BE-AE02-D7BD57FB3943}.Debug|x86.ActiveCfg = Debug|Any CPU
		{A896790E-FE9A-48BE-AE02-D7BD57FB3943}.Debug|x86.Build.0 = Debug|Any CPU
		{A896790E-FE9A-48BE-AE02-D7BD57FB3943}.Release|Any CPU.ActiveCfg = Release|Any CPU
		{A896790E-FE9A-48BE-AE02-D7BD57FB3943}.Release|Any CPU.Build.0 = Release|Any CPU
		{A896790E-FE9A-48BE-AE02-D7BD57FB3943}.Release|x64.ActiveCfg = Release|Any CPU
		{A896790E-FE9A-48BE-AE02-D7BD57FB3943}.Release|x64.Build.0 = Release|Any CPU
		{A896790E-FE9A-48BE-AE02-D7BD57FB3943}.Release|x86.ActiveCfg = Release|Any CPU
		{A896790E-FE9A-48BE-AE02-D7BD57FB3943}.Release|x86.Build.0 = Release|Any CPU
		{F06AAD82-0F96-48C1-9C65-03348A623D4B}.Debug|Any CPU.ActiveCfg = Debug|Any CPU
		{F06AAD82-0F96-48C1-9C65-03348A623D4B}.Debug|Any CPU.Build.0 = Debug|Any CPU
		{F06AAD82-0F96-48C1-9C65-03348A623D4B}.Debug|x64.ActiveCfg = Debug|Any CPU
		{F06AAD82-0F96-48C1-9C65-03348A623D4B}.Debug|x64.Build.0 = Debug|Any CPU
		{F06AAD82-0F96-48C1-9C65-03348A623D4B}.Debug|x86.ActiveCfg = Debug|Any CPU
		{F06AAD82-0F96-48C1-9C65-03348A623D4B}.Debug|x86.Build.0 = Debug|Any CPU
		{F06AAD82-0F96-48C1-9C65-03348A623D4B}.Release|Any CPU.ActiveCfg = Release|Any CPU
		{F06AAD82-0F96-48C1-9C65-03348A623D4B}.Release|Any CPU.Build.0 = Release|Any CPU
		{F06AAD82-0F96-48C1-9C65-03348A623D4B}.Release|x64.ActiveCfg = Release|Any CPU
		{F06AAD82-0F96-48C1-9C65-03348A623D4B}.Release|x64.Build.0 = Release|Any CPU
		{F06AAD82-0F96-48C1-9C65-03348A623D4B}.Release|x86.ActiveCfg = Release|Any CPU
		{F06AAD82-0F96-48C1-9C65-03348A623D4B}.Release|x86.Build.0 = Release|Any CPU
		{F909F8D4-ECB9-4F88-8DA8-AA8A28D19B33}.Debug|Any CPU.ActiveCfg = Debug|Any CPU
		{F909F8D4-ECB9-4F88-8DA8-AA8A28D19B33}.Debug|Any CPU.Build.0 = Debug|Any CPU
		{F909F8D4-ECB9-4F88-8DA8-AA8A28D19B33}.Debug|x64.ActiveCfg = Debug|Any CPU
		{F909F8D4-ECB9-4F88-8DA8-AA8A28D19B33}.Debug|x64.Build.0 = Debug|Any CPU
		{F909F8D4-ECB9-4F88-8DA8-AA8A28D19B33}.Debug|x86.ActiveCfg = Debug|Any CPU
		{F909F8D4-ECB9-4F88-8DA8-AA8A28D19B33}.Debug|x86.Build.0 = Debug|Any CPU
		{F909F8D4-ECB9-4F88-8DA8-AA8A28D19B33}.Release|Any CPU.ActiveCfg = Release|Any CPU
		{F909F8D4-ECB9-4F88-8DA8-AA8A28D19B33}.Release|Any CPU.Build.0 = Release|Any CPU
		{F909F8D4-ECB9-4F88-8DA8-AA8A28D19B33}.Release|x64.ActiveCfg = Release|Any CPU
		{F909F8D4-ECB9-4F88-8DA8-AA8A28D19B33}.Release|x64.Build.0 = Release|Any CPU
		{F909F8D4-ECB9-4F88-8DA8-AA8A28D19B33}.Release|x86.ActiveCfg = Release|Any CPU
		{F909F8D4-ECB9-4F88-8DA8-AA8A28D19B33}.Release|x86.Build.0 = Release|Any CPU
	EndGlobalSection
EndGlobal
